
Microsoft Visual Studio Solution File, Format Version 12.00
# Visual Studio 14
VisualStudioVersion = 14.0.24720.0
MinimumVisualStudioVersion = 10.0.40219.1
Project("{F184B08F-C81C-45F6-A57F-5ABD9991F28F}") = "Sky Editor Base", "Sky Editor Base\Sky Editor Base.vbproj", "{F3E6313C-4337-4D20-B4E2-ED41420C9D05}"
EndProject
Project("{2150E333-8FDC-42A3-9474-1A3956D46DE8}") = "Debug Console Applications", "Debug Console Applications", "{C602A05B-3EC0-4553-B0A4-3715E90FA15D}"
EndProject
Project("{2150E333-8FDC-42A3-9474-1A3956D46DE8}") = "Documentation", "Documentation", "{0579E35C-35D6-49B7-BC67-C143F0EB4EA7}"
	ProjectSection(SolutionItems) = preProject
		Documentation\Build Instructions.txt = Documentation\Build Instructions.txt
		Documentation\Gates to Infinity Notable Offsets.txt = Documentation\Gates to Infinity Notable Offsets.txt
	EndProjectSection
EndProject
Project("{F184B08F-C81C-45F6-A57F-5ABD9991F28F}") = "Wan Animation Tester", "Debug Console Applications\Wan Animation Tester\Wan Animation Tester.vbproj", "{4C2D5545-A5F9-4131-9379-24B5E890A832}"
EndProject
Project("{2150E333-8FDC-42A3-9474-1A3956D46DE8}") = "Plugins", "Plugins", "{0A693837-832C-4212-A562-4EDA4C99DC20}"
EndProject
Project("{2150E333-8FDC-42A3-9474-1A3956D46DE8}") = "ROM Patchers", "ROM Patchers", "{6313E1F3-4918-40A4-B6F9-F2E5D094424F}"
EndProject
Project("{F184B08F-C81C-45F6-A57F-5ABD9991F28F}") = "DS ROM Patcher", "NDS ROM Patcher\DS ROM Patcher.vbproj", "{A457E13A-C9DC-432A-BEB9-D04291DBD637}"
EndProject
Project("{F184B08F-C81C-45F6-A57F-5ABD9991F28F}") = "LanguageStringPatcher", "LanguageStringPatcher\LanguageStringPatcher.vbproj", "{168715E4-DF09-4549-B2B5-69E66B534D31}"
EndProject
Project("{F184B08F-C81C-45F6-A57F-5ABD9991F28F}") = "item_p Patcher", "item_p Patcher\item_p Patcher.vbproj", "{70939655-FB52-426E-B7A9-B77D1CE2912C}"
EndProject
Project("{2150E333-8FDC-42A3-9474-1A3956D46DE8}") = "Other", "Other", "{287ECB20-CC60-475E-84E7-A0C5BB42E295}"
EndProject
Project("{F184B08F-C81C-45F6-A57F-5ABD9991F28F}") = "PKMDS Gen 4", "PKMDS Gen 4\PKMDS Gen 4.vbproj", "{7F2C6598-DA43-4CDB-A033-E314EFD065ED}"
EndProject
Project("{F184B08F-C81C-45F6-A57F-5ABD9991F28F}") = "LanguageStringComparer", "LanguageStringComparer\LanguageStringComparer.vbproj", "{26632EA3-3F0E-49CB-B53D-5D78E99230BD}"
EndProject
Project("{F184B08F-C81C-45F6-A57F-5ABD9991F28F}") = "ROM Editor", "ROM Editor\ROM Editor.vbproj", "{F05C12E8-EAB7-4B9E-A8D2-D21B80C1A646}"
EndProject
Project("{F184B08F-C81C-45F6-A57F-5ABD9991F28F}") = "mapBGdev", "mapBGdev\mapBGdev.vbproj", "{7EA13DE3-3C9C-4C77-92C1-1B9ADFE18A96}"
EndProject
Project("{F184B08F-C81C-45F6-A57F-5ABD9991F28F}") = "Sky Editor WPF", "Sky Editor WPF\Sky Editor WPF.vbproj", "{E3E3B897-05C3-4A48-B1EA-7964E9AEFC4E}"
EndProject
Project("{F184B08F-C81C-45F6-A57F-5ABD9991F28F}") = "Save Editor", "Save Editor\Save Editor.vbproj", "{01813D1E-F5C5-417C-8E1E-10BF1F4C073A}"
EndProject
Project("{F184B08F-C81C-45F6-A57F-5ABD9991F28F}") = "ROM Editor.UI.WPF", "ROM Editor.UI.WPF\ROM Editor.UI.WPF.vbproj", "{80EE8542-3060-4ACF-8C4F-7868255EED8A}"
EndProject
Project("{F184B08F-C81C-45F6-A57F-5ABD9991F28F}") = "Save Editor.UI.WPF", "Save Editor.UI.WPF\Save Editor.UI.WPF.vbproj", "{81176732-8BFA-46F0-AB6D-94ACAEC2B9FC}"
EndProject
Project("{F184B08F-C81C-45F6-A57F-5ABD9991F28F}") = "Text Editor.WPF", "Text Editor.WPF\Text Editor.WPF.vbproj", "{142E3B2B-19E9-4560-B411-4AD40FF8BD1B}"
EndProject
Project("{F184B08F-C81C-45F6-A57F-5ABD9991F28F}") = "CodeFiles", "CodeFiles\CodeFiles.vbproj", "{9E2FC9A8-CA27-4B5D-A79F-E92AA066A839}"
EndProject
Project("{F184B08F-C81C-45F6-A57F-5ABD9991F28F}") = "DeSmuMe", "DeSmuMe\DeSmuMe.vbproj", "{DBD05D68-E85C-49D9-B1D6-D087342AA450}"
EndProject
Project("{F184B08F-C81C-45F6-A57F-5ABD9991F28F}") = "Message-FARC Patcher", "Message-FARC Patcher\Message-FARC Patcher.vbproj", "{0DF615F6-6A61-4108-AC35-A5DBD4289B1A}"
EndProject
Global
	GlobalSection(SolutionConfigurationPlatforms) = preSolution
		Debug|Any CPU = Debug|Any CPU
		Debug|x86 = Debug|x86
		Release|Any CPU = Release|Any CPU
		Release|x86 = Release|x86
	EndGlobalSection
	GlobalSection(ProjectConfigurationPlatforms) = postSolution
		{F3E6313C-4337-4D20-B4E2-ED41420C9D05}.Debug|Any CPU.ActiveCfg = Debug|Any CPU
		{F3E6313C-4337-4D20-B4E2-ED41420C9D05}.Debug|Any CPU.Build.0 = Debug|Any CPU
		{F3E6313C-4337-4D20-B4E2-ED41420C9D05}.Debug|x86.ActiveCfg = Debug|x86
		{F3E6313C-4337-4D20-B4E2-ED41420C9D05}.Debug|x86.Build.0 = Debug|x86
		{F3E6313C-4337-4D20-B4E2-ED41420C9D05}.Release|Any CPU.ActiveCfg = Release|Any CPU
		{F3E6313C-4337-4D20-B4E2-ED41420C9D05}.Release|Any CPU.Build.0 = Release|Any CPU
		{F3E6313C-4337-4D20-B4E2-ED41420C9D05}.Release|x86.ActiveCfg = Release|Any CPU
		{4C2D5545-A5F9-4131-9379-24B5E890A832}.Debug|Any CPU.ActiveCfg = Debug|Any CPU
		{4C2D5545-A5F9-4131-9379-24B5E890A832}.Debug|Any CPU.Build.0 = Debug|Any CPU
		{4C2D5545-A5F9-4131-9379-24B5E890A832}.Debug|x86.ActiveCfg = Debug|x86
		{4C2D5545-A5F9-4131-9379-24B5E890A832}.Release|Any CPU.ActiveCfg = Release|Any CPU
		{4C2D5545-A5F9-4131-9379-24B5E890A832}.Release|x86.ActiveCfg = Release|Any CPU
		{A457E13A-C9DC-432A-BEB9-D04291DBD637}.Debug|Any CPU.ActiveCfg = Debug|Any CPU
		{A457E13A-C9DC-432A-BEB9-D04291DBD637}.Debug|Any CPU.Build.0 = Debug|Any CPU
		{A457E13A-C9DC-432A-BEB9-D04291DBD637}.Debug|x86.ActiveCfg = Debug|x86
		{A457E13A-C9DC-432A-BEB9-D04291DBD637}.Debug|x86.Build.0 = Debug|x86
		{A457E13A-C9DC-432A-BEB9-D04291DBD637}.Release|Any CPU.ActiveCfg = Release|Any CPU
		{A457E13A-C9DC-432A-BEB9-D04291DBD637}.Release|Any CPU.Build.0 = Release|Any CPU
		{A457E13A-C9DC-432A-BEB9-D04291DBD637}.Release|x86.ActiveCfg = Release|Any CPU
		{A457E13A-C9DC-432A-BEB9-D04291DBD637}.Release|x86.Build.0 = Release|Any CPU
		{168715E4-DF09-4549-B2B5-69E66B534D31}.Debug|Any CPU.ActiveCfg = Debug|Any CPU
		{168715E4-DF09-4549-B2B5-69E66B534D31}.Debug|Any CPU.Build.0 = Debug|Any CPU
		{168715E4-DF09-4549-B2B5-69E66B534D31}.Debug|x86.ActiveCfg = Debug|x86
		{168715E4-DF09-4549-B2B5-69E66B534D31}.Debug|x86.Build.0 = Debug|x86
		{168715E4-DF09-4549-B2B5-69E66B534D31}.Release|Any CPU.ActiveCfg = Release|Any CPU
		{168715E4-DF09-4549-B2B5-69E66B534D31}.Release|Any CPU.Build.0 = Release|Any CPU
		{168715E4-DF09-4549-B2B5-69E66B534D31}.Release|x86.ActiveCfg = Release|Any CPU
		{168715E4-DF09-4549-B2B5-69E66B534D31}.Release|x86.Build.0 = Release|Any CPU
		{70939655-FB52-426E-B7A9-B77D1CE2912C}.Debug|Any CPU.ActiveCfg = Debug|Any CPU
		{70939655-FB52-426E-B7A9-B77D1CE2912C}.Debug|Any CPU.Build.0 = Debug|Any CPU
		{70939655-FB52-426E-B7A9-B77D1CE2912C}.Debug|x86.ActiveCfg = Debug|x86
		{70939655-FB52-426E-B7A9-B77D1CE2912C}.Debug|x86.Build.0 = Debug|x86
		{70939655-FB52-426E-B7A9-B77D1CE2912C}.Release|Any CPU.ActiveCfg = Release|Any CPU
		{70939655-FB52-426E-B7A9-B77D1CE2912C}.Release|Any CPU.Build.0 = Release|Any CPU
		{70939655-FB52-426E-B7A9-B77D1CE2912C}.Release|x86.ActiveCfg = Release|Any CPU
		{70939655-FB52-426E-B7A9-B77D1CE2912C}.Release|x86.Build.0 = Release|Any CPU
		{7F2C6598-DA43-4CDB-A033-E314EFD065ED}.Debug|Any CPU.ActiveCfg = Debug|Any CPU
		{7F2C6598-DA43-4CDB-A033-E314EFD065ED}.Debug|Any CPU.Build.0 = Debug|Any CPU
		{7F2C6598-DA43-4CDB-A033-E314EFD065ED}.Debug|x86.ActiveCfg = Debug|x86
		{7F2C6598-DA43-4CDB-A033-E314EFD065ED}.Release|Any CPU.ActiveCfg = Release|Any CPU
		{7F2C6598-DA43-4CDB-A033-E314EFD065ED}.Release|Any CPU.Build.0 = Release|Any CPU
		{7F2C6598-DA43-4CDB-A033-E314EFD065ED}.Release|x86.ActiveCfg = Release|x86
		{7F2C6598-DA43-4CDB-A033-E314EFD065ED}.Release|x86.Build.0 = Release|x86
		{26632EA3-3F0E-49CB-B53D-5D78E99230BD}.Debug|Any CPU.ActiveCfg = Debug|Any CPU
		{26632EA3-3F0E-49CB-B53D-5D78E99230BD}.Debug|Any CPU.Build.0 = Debug|Any CPU
		{26632EA3-3F0E-49CB-B53D-5D78E99230BD}.Debug|x86.ActiveCfg = Debug|x86
		{26632EA3-3F0E-49CB-B53D-5D78E99230BD}.Debug|x86.Build.0 = Debug|x86
		{26632EA3-3F0E-49CB-B53D-5D78E99230BD}.Release|Any CPU.ActiveCfg = Release|Any CPU
		{26632EA3-3F0E-49CB-B53D-5D78E99230BD}.Release|x86.ActiveCfg = Release|Any CPU
		{26632EA3-3F0E-49CB-B53D-5D78E99230BD}.Release|x86.Build.0 = Release|Any CPU
		{F05C12E8-EAB7-4B9E-A8D2-D21B80C1A646}.Debug|Any CPU.ActiveCfg = Debug|Any CPU
		{F05C12E8-EAB7-4B9E-A8D2-D21B80C1A646}.Debug|Any CPU.Build.0 = Debug|Any CPU
		{F05C12E8-EAB7-4B9E-A8D2-D21B80C1A646}.Debug|x86.ActiveCfg = Debug|x86
		{F05C12E8-EAB7-4B9E-A8D2-D21B80C1A646}.Debug|x86.Build.0 = Debug|x86
		{F05C12E8-EAB7-4B9E-A8D2-D21B80C1A646}.Release|Any CPU.ActiveCfg = Release|Any CPU
		{F05C12E8-EAB7-4B9E-A8D2-D21B80C1A646}.Release|Any CPU.Build.0 = Release|Any CPU
		{F05C12E8-EAB7-4B9E-A8D2-D21B80C1A646}.Release|x86.ActiveCfg = Release|x86
		{F05C12E8-EAB7-4B9E-A8D2-D21B80C1A646}.Release|x86.Build.0 = Release|x86
		{7EA13DE3-3C9C-4C77-92C1-1B9ADFE18A96}.Debug|Any CPU.ActiveCfg = Debug|Any CPU
		{7EA13DE3-3C9C-4C77-92C1-1B9ADFE18A96}.Debug|Any CPU.Build.0 = Debug|Any CPU
		{7EA13DE3-3C9C-4C77-92C1-1B9ADFE18A96}.Debug|x86.ActiveCfg = Debug|x86
		{7EA13DE3-3C9C-4C77-92C1-1B9ADFE18A96}.Debug|x86.Build.0 = Debug|x86
		{7EA13DE3-3C9C-4C77-92C1-1B9ADFE18A96}.Release|Any CPU.ActiveCfg = Release|Any CPU
		{7EA13DE3-3C9C-4C77-92C1-1B9ADFE18A96}.Release|x86.ActiveCfg = Release|Any CPU
		{7EA13DE3-3C9C-4C77-92C1-1B9ADFE18A96}.Release|x86.Build.0 = Release|Any CPU
		{E3E3B897-05C3-4A48-B1EA-7964E9AEFC4E}.Debug|Any CPU.ActiveCfg = Debug|Any CPU
		{E3E3B897-05C3-4A48-B1EA-7964E9AEFC4E}.Debug|Any CPU.Build.0 = Debug|Any CPU
		{E3E3B897-05C3-4A48-B1EA-7964E9AEFC4E}.Debug|x86.ActiveCfg = Debug|x86
		{E3E3B897-05C3-4A48-B1EA-7964E9AEFC4E}.Debug|x86.Build.0 = Debug|x86
		{E3E3B897-05C3-4A48-B1EA-7964E9AEFC4E}.Release|Any CPU.ActiveCfg = Release|Any CPU
		{E3E3B897-05C3-4A48-B1EA-7964E9AEFC4E}.Release|Any CPU.Build.0 = Release|Any CPU
		{E3E3B897-05C3-4A48-B1EA-7964E9AEFC4E}.Release|x86.ActiveCfg = Release|Any CPU
		{E3E3B897-05C3-4A48-B1EA-7964E9AEFC4E}.Release|x86.Build.0 = Release|Any CPU
		{01813D1E-F5C5-417C-8E1E-10BF1F4C073A}.Debug|Any CPU.ActiveCfg = Debug|Any CPU
		{01813D1E-F5C5-417C-8E1E-10BF1F4C073A}.Debug|Any CPU.Build.0 = Debug|Any CPU
		{01813D1E-F5C5-417C-8E1E-10BF1F4C073A}.Debug|x86.ActiveCfg = Debug|x86
		{01813D1E-F5C5-417C-8E1E-10BF1F4C073A}.Debug|x86.Build.0 = Debug|x86
		{01813D1E-F5C5-417C-8E1E-10BF1F4C073A}.Release|Any CPU.ActiveCfg = Release|Any CPU
		{01813D1E-F5C5-417C-8E1E-10BF1F4C073A}.Release|Any CPU.Build.0 = Release|Any CPU
		{01813D1E-F5C5-417C-8E1E-10BF1F4C073A}.Release|x86.ActiveCfg = Release|x86
		{01813D1E-F5C5-417C-8E1E-10BF1F4C073A}.Release|x86.Build.0 = Release|x86
		{80EE8542-3060-4ACF-8C4F-7868255EED8A}.Debug|Any CPU.ActiveCfg = Debug|Any CPU
		{80EE8542-3060-4ACF-8C4F-7868255EED8A}.Debug|Any CPU.Build.0 = Debug|Any CPU
		{80EE8542-3060-4ACF-8C4F-7868255EED8A}.Debug|x86.ActiveCfg = Debug|x86
		{80EE8542-3060-4ACF-8C4F-7868255EED8A}.Debug|x86.Build.0 = Debug|x86
		{80EE8542-3060-4ACF-8C4F-7868255EED8A}.Release|Any CPU.ActiveCfg = Release|Any CPU
		{80EE8542-3060-4ACF-8C4F-7868255EED8A}.Release|Any CPU.Build.0 = Release|Any CPU
		{80EE8542-3060-4ACF-8C4F-7868255EED8A}.Release|x86.ActiveCfg = Release|Any CPU
		{80EE8542-3060-4ACF-8C4F-7868255EED8A}.Release|x86.Build.0 = Release|Any CPU
		{81176732-8BFA-46F0-AB6D-94ACAEC2B9FC}.Debug|Any CPU.ActiveCfg = Debug|Any CPU
		{81176732-8BFA-46F0-AB6D-94ACAEC2B9FC}.Debug|Any CPU.Build.0 = Debug|Any CPU
		{81176732-8BFA-46F0-AB6D-94ACAEC2B9FC}.Debug|x86.ActiveCfg = Debug|x86
		{81176732-8BFA-46F0-AB6D-94ACAEC2B9FC}.Debug|x86.Build.0 = Debug|x86
		{81176732-8BFA-46F0-AB6D-94ACAEC2B9FC}.Release|Any CPU.ActiveCfg = Release|Any CPU
		{81176732-8BFA-46F0-AB6D-94ACAEC2B9FC}.Release|Any CPU.Build.0 = Release|Any CPU
		{81176732-8BFA-46F0-AB6D-94ACAEC2B9FC}.Release|x86.ActiveCfg = Release|Any CPU
		{81176732-8BFA-46F0-AB6D-94ACAEC2B9FC}.Release|x86.Build.0 = Release|Any CPU
		{142E3B2B-19E9-4560-B411-4AD40FF8BD1B}.Debug|Any CPU.ActiveCfg = Debug|Any CPU
		{142E3B2B-19E9-4560-B411-4AD40FF8BD1B}.Debug|Any CPU.Build.0 = Debug|Any CPU
		{142E3B2B-19E9-4560-B411-4AD40FF8BD1B}.Debug|x86.ActiveCfg = Debug|x86
		{142E3B2B-19E9-4560-B411-4AD40FF8BD1B}.Debug|x86.Build.0 = Debug|x86
		{142E3B2B-19E9-4560-B411-4AD40FF8BD1B}.Release|Any CPU.ActiveCfg = Release|Any CPU
		{142E3B2B-19E9-4560-B411-4AD40FF8BD1B}.Release|Any CPU.Build.0 = Release|Any CPU
		{142E3B2B-19E9-4560-B411-4AD40FF8BD1B}.Release|x86.ActiveCfg = Release|x86
		{142E3B2B-19E9-4560-B411-4AD40FF8BD1B}.Release|x86.Build.0 = Release|x86
		{9E2FC9A8-CA27-4B5D-A79F-E92AA066A839}.Debug|Any CPU.ActiveCfg = Debug|Any CPU
		{9E2FC9A8-CA27-4B5D-A79F-E92AA066A839}.Debug|Any CPU.Build.0 = Debug|Any CPU
		{9E2FC9A8-CA27-4B5D-A79F-E92AA066A839}.Debug|x86.ActiveCfg = Debug|x86
		{9E2FC9A8-CA27-4B5D-A79F-E92AA066A839}.Debug|x86.Build.0 = Debug|x86
		{9E2FC9A8-CA27-4B5D-A79F-E92AA066A839}.Release|Any CPU.ActiveCfg = Release|Any CPU
		{9E2FC9A8-CA27-4B5D-A79F-E92AA066A839}.Release|Any CPU.Build.0 = Release|Any CPU
		{9E2FC9A8-CA27-4B5D-A79F-E92AA066A839}.Release|x86.ActiveCfg = Release|Any CPU
		{9E2FC9A8-CA27-4B5D-A79F-E92AA066A839}.Release|x86.Build.0 = Release|Any CPU
		{DBD05D68-E85C-49D9-B1D6-D087342AA450}.Debug|Any CPU.ActiveCfg = Debug|Any CPU
		{DBD05D68-E85C-49D9-B1D6-D087342AA450}.Debug|Any CPU.Build.0 = Debug|Any CPU
		{DBD05D68-E85C-49D9-B1D6-D087342AA450}.Debug|x86.ActiveCfg = Debug|Any CPU
		{DBD05D68-E85C-49D9-B1D6-D087342AA450}.Debug|x86.Build.0 = Debug|Any CPU
		{DBD05D68-E85C-49D9-B1D6-D087342AA450}.Release|Any CPU.ActiveCfg = Release|Any CPU
		{DBD05D68-E85C-49D9-B1D6-D087342AA450}.Release|Any CPU.Build.0 = Release|Any CPU
		{DBD05D68-E85C-49D9-B1D6-D087342AA450}.Release|x86.ActiveCfg = Release|Any CPU
		{DBD05D68-E85C-49D9-B1D6-D087342AA450}.Release|x86.Build.0 = Release|Any CPU
		{0DF615F6-6A61-4108-AC35-A5DBD4289B1A}.Debug|Any CPU.ActiveCfg = Debug|Any CPU
		{0DF615F6-6A61-4108-AC35-A5DBD4289B1A}.Debug|Any CPU.Build.0 = Debug|Any CPU
		{0DF615F6-6A61-4108-AC35-A5DBD4289B1A}.Debug|x86.ActiveCfg = Debug|Any CPU
		{0DF615F6-6A61-4108-AC35-A5DBD4289B1A}.Debug|x86.Build.0 = Debug|Any CPU
		{0DF615F6-6A61-4108-AC35-A5DBD4289B1A}.Release|Any CPU.ActiveCfg = Release|Any CPU
		{0DF615F6-6A61-4108-AC35-A5DBD4289B1A}.Release|Any CPU.Build.0 = Release|Any CPU
		{0DF615F6-6A61-4108-AC35-A5DBD4289B1A}.Release|x86.ActiveCfg = Release|Any CPU
		{0DF615F6-6A61-4108-AC35-A5DBD4289B1A}.Release|x86.Build.0 = Release|Any CPU
	EndGlobalSection
	GlobalSection(SolutionProperties) = preSolution
		HideSolutionNode = FALSE
	EndGlobalSection
	GlobalSection(NestedProjects) = preSolution
		{4C2D5545-A5F9-4131-9379-24B5E890A832} = {C602A05B-3EC0-4553-B0A4-3715E90FA15D}
		{6313E1F3-4918-40A4-B6F9-F2E5D094424F} = {0A693837-832C-4212-A562-4EDA4C99DC20}
		{A457E13A-C9DC-432A-BEB9-D04291DBD637} = {6313E1F3-4918-40A4-B6F9-F2E5D094424F}
		{168715E4-DF09-4549-B2B5-69E66B534D31} = {6313E1F3-4918-40A4-B6F9-F2E5D094424F}
		{70939655-FB52-426E-B7A9-B77D1CE2912C} = {6313E1F3-4918-40A4-B6F9-F2E5D094424F}
		{7F2C6598-DA43-4CDB-A033-E314EFD065ED} = {287ECB20-CC60-475E-84E7-A0C5BB42E295}
		{26632EA3-3F0E-49CB-B53D-5D78E99230BD} = {C602A05B-3EC0-4553-B0A4-3715E90FA15D}
		{F05C12E8-EAB7-4B9E-A8D2-D21B80C1A646} = {0A693837-832C-4212-A562-4EDA4C99DC20}
		{7EA13DE3-3C9C-4C77-92C1-1B9ADFE18A96} = {C602A05B-3EC0-4553-B0A4-3715E90FA15D}
		{01813D1E-F5C5-417C-8E1E-10BF1F4C073A} = {0A693837-832C-4212-A562-4EDA4C99DC20}
		{80EE8542-3060-4ACF-8C4F-7868255EED8A} = {0A693837-832C-4212-A562-4EDA4C99DC20}
		{81176732-8BFA-46F0-AB6D-94ACAEC2B9FC} = {0A693837-832C-4212-A562-4EDA4C99DC20}
		{142E3B2B-19E9-4560-B411-4AD40FF8BD1B} = {0A693837-832C-4212-A562-4EDA4C99DC20}
		{9E2FC9A8-CA27-4B5D-A79F-E92AA066A839} = {0A693837-832C-4212-A562-4EDA4C99DC20}
		{DBD05D68-E85C-49D9-B1D6-D087342AA450} = {0A693837-832C-4212-A562-4EDA4C99DC20}
		{0DF615F6-6A61-4108-AC35-A5DBD4289B1A} = {6313E1F3-4918-40A4-B6F9-F2E5D094424F}
	EndGlobalSection
EndGlobal
